
Microsoft Visual Studio Solution File, Format Version 12.00
# Visual Studio Version 16
VisualStudioVersion = 16.0.30413.136
MinimumVisualStudioVersion = 10.0.40219.1
Project("{FAE04EC0-301F-11D3-BF4B-00C04F79EFBC}") = "APIPatient", "APIPatient\APIPatient.csproj", "{607C4BAD-65D0-456B-9EE4-E1CCB72B7D67}"
EndProject
Global
	GlobalSection(SolutionConfigurationPlatforms) = preSolution
		Debug|Any CPU = Debug|Any CPU
		Release|Any CPU = Release|Any CPU
	EndGlobalSection
	GlobalSection(ProjectConfigurationPlatforms) = postSolution
		{607C4BAD-65D0-456B-9EE4-E1CCB72B7D67}.Debug|Any CPU.ActiveCfg = Debug|Any CPU
		{607C4BAD-65D0-456B-9EE4-E1CCB72B7D67}.Debug|Any CPU.Build.0 = Debug|Any CPU
		{607C4BAD-65D0-456B-9EE4-E1CCB72B7D67}.Release|Any CPU.ActiveCfg = Release|Any CPU
		{607C4BAD-65D0-456B-9EE4-E1CCB72B7D67}.Release|Any CPU.Build.0 = Release|Any CPU
	EndGlobalSection
	GlobalSection(SolutionProperties) = preSolution
		HideSolutionNode = FALSE
	EndGlobalSection
	GlobalSection(ExtensibilityGlobals) = postSolution
		SolutionGuid = {BC11A19A-8414-4819-BAA9-ECD32886436F}
	EndGlobalSection
EndGlobal
